{
  "version": 4,
  "terraform_version": "0.12.20",
  "serial": 3,
  "lineage": "162ac0d4-47b3-60f2-fcb1-80c1c4d75f52",
  "outputs": {},
  "resources": [
    {
      "mode": "data",
      "type": "aci_tenant",
      "name": "example",
      "provider": "provider.aci",
      "instances": [
        {
          "schema_version": 0,
          "attributes": {
            "annotation": "",
            "description": "",
            "id": "uni/tn-common",
            "name": "common",
            "name_alias": ""
          }
        }
      ]
    },
    {
      "mode": "managed",
      "type": "aci_application_epg",
      "name": "epg",
      "provider": "provider.aci",
      "instances": [
        {
          "schema_version": 1,
          "attributes": {
            "annotation": "tag_epg",
            "application_profile_dn": "uni/tn-common/ap-test1",
            "description": "",
            "exception_tag": "0",
            "flood_on_encap": "disabled",
            "fwd_ctrl": "",
            "has_mcast_source": "no",
            "id": "uni/tn-common/ap-test1/epg-epg-test-1-222",
            "is_attr_based_e_pg": "no",
            "match_t": "AtleastOne",
            "name": "epg-test-1-222",
            "name_alias": "",
            "pc_enf_pref": "unenforced",
            "pref_gr_memb": "exclude",
            "prio": "unspecified",
            "relation_fv_rs_ae_pg_mon_pol": null,
            "relation_fv_rs_bd": "test-bd-1",
            "relation_fv_rs_cons": null,
            "relation_fv_rs_cons_if": null,
            "relation_fv_rs_cust_qos_pol": "",
            "relation_fv_rs_dom_att": null,
            "relation_fv_rs_dpp_pol": null,
            "relation_fv_rs_fc_path_att": null,
            "relation_fv_rs_graph_def": null,
            "relation_fv_rs_intra_epg": null,
            "relation_fv_rs_node_att": null,
            "relation_fv_rs_prot_by": null,
            "relation_fv_rs_prov": null,
            "relation_fv_rs_prov_def": null,
            "relation_fv_rs_sec_inherited": null,
            "relation_fv_rs_trust_ctrl": null,
            "shutdown": "no"
          },
          "private": "eyJzY2hlbWFfdmVyc2lvbiI6IjEifQ==",
          "dependencies": [
            "aci_application_profile.app_profile"
          ]
        }
      ]
    },
    {
      "mode": "managed",
      "type": "aci_application_profile",
      "name": "app_profile",
      "provider": "provider.aci",
      "instances": [
        {
          "schema_version": 1,
          "attributes": {
            "annotation": "",
            "description": "test-1-app-profile",
            "id": "uni/tn-common/ap-test1",
            "name": "test1",
            "name_alias": "",
            "prio": "unspecified",
            "relation_fv_rs_ap_mon_pol": null,
            "tenant_dn": "uni/tn-common"
          },
          "private": "eyJzY2hlbWFfdmVyc2lvbiI6IjEifQ=="
        }
      ]
    }
  ]
}
