{
  "version": 4,
  "terraform_version": "0.12.20",
  "serial": 128,
  "lineage": "1b9847f1-adec-af5b-237e-42a18a8f70c3",
  "outputs": {},
  "resources": [
    {
      "module": "module.vrf1",
      "mode": "data",
      "type": "aci_tenant",
      "name": "example",
      "provider": "provider.aci",
      "instances": [
        {
          "schema_version": 0,
          "attributes": {
            "annotation": "",
            "description": "",
            "id": "uni/tn-common",
            "name": "common",
            "name_alias": ""
          }
        }
      ]
    },
    {
      "module": "module.bd4",
      "mode": "data",
      "type": "aci_tenant",
      "name": "example",
      "provider": "provider.aci",
      "instances": [
        {
          "schema_version": 0,
          "attributes": {
            "annotation": "",
            "description": "",
            "id": "uni/tn-common",
            "name": "common",
            "name_alias": ""
          }
        }
      ]
    },
    {
      "module": "module.bd2",
      "mode": "data",
      "type": "aci_tenant",
      "name": "example",
      "provider": "provider.aci",
      "instances": [
        {
          "schema_version": 0,
          "attributes": {
            "annotation": "",
            "description": "",
            "id": "uni/tn-common",
            "name": "common",
            "name_alias": ""
          }
        }
      ]
    },
    {
      "module": "module.epg3",
      "mode": "data",
      "type": "aci_tenant",
      "name": "example",
      "provider": "provider.aci",
      "instances": [
        {
          "schema_version": 0,
          "attributes": {
            "annotation": "",
            "description": "",
            "id": "uni/tn-common",
            "name": "common",
            "name_alias": ""
          }
        }
      ]
    },
    {
      "module": "module.vrf3",
      "mode": "data",
      "type": "aci_tenant",
      "name": "example",
      "provider": "provider.aci",
      "instances": [
        {
          "schema_version": 0,
          "attributes": {
            "annotation": "",
            "description": "",
            "id": "uni/tn-common",
            "name": "common",
            "name_alias": ""
          }
        }
      ]
    },
    {
      "module": "module.epg1",
      "mode": "data",
      "type": "aci_tenant",
      "name": "example",
      "provider": "provider.aci",
      "instances": [
        {
          "schema_version": 0,
          "attributes": {
            "annotation": "",
            "description": "",
            "id": "uni/tn-common",
            "name": "common",
            "name_alias": ""
          }
        }
      ]
    },
    {
      "module": "module.bd3",
      "mode": "data",
      "type": "aci_tenant",
      "name": "example",
      "provider": "provider.aci",
      "instances": [
        {
          "schema_version": 0,
          "attributes": {
            "annotation": "",
            "description": "",
            "id": "uni/tn-common",
            "name": "common",
            "name_alias": ""
          }
        }
      ]
    },
    {
      "module": "module.vrf2",
      "mode": "data",
      "type": "aci_tenant",
      "name": "example",
      "provider": "provider.aci",
      "instances": [
        {
          "schema_version": 0,
          "attributes": {
            "annotation": "",
            "description": "",
            "id": "uni/tn-common",
            "name": "common",
            "name_alias": ""
          }
        }
      ]
    },
    {
      "module": "module.bd1",
      "mode": "data",
      "type": "aci_tenant",
      "name": "example",
      "provider": "provider.aci",
      "instances": [
        {
          "schema_version": 0,
          "attributes": {
            "annotation": "",
            "description": "",
            "id": "uni/tn-common",
            "name": "common",
            "name_alias": ""
          }
        }
      ]
    },
    {
      "module": "module.epg2",
      "mode": "data",
      "type": "aci_tenant",
      "name": "example",
      "provider": "provider.aci",
      "instances": [
        {
          "schema_version": 0,
          "attributes": {
            "annotation": "",
            "description": "",
            "id": "uni/tn-common",
            "name": "common",
            "name_alias": ""
          }
        }
      ]
    },
    {
      "module": "module.epg3",
      "mode": "managed",
      "type": "aci_application_epg",
      "name": "epg",
      "provider": "provider.aci",
      "instances": [
        {
          "schema_version": 1,
          "attributes": {
            "annotation": "tag_epg",
            "application_profile_dn": "uni/tn-common/ap-NewCo-UAT",
            "description": "NewCo-UAT",
            "exception_tag": "0",
            "flood_on_encap": "disabled",
            "fwd_ctrl": "",
            "has_mcast_source": "no",
            "id": "uni/tn-common/ap-NewCo-UAT/epg-NewCo-UAT-1231",
            "is_attr_based_e_pg": "no",
            "match_t": "AtleastOne",
            "name": "NewCo-UAT-1231",
            "name_alias": "",
            "pc_enf_pref": "unenforced",
            "pref_gr_memb": "include",
            "prio": "unspecified",
            "relation_fv_rs_ae_pg_mon_pol": null,
            "relation_fv_rs_bd": "NewCo-non-prod-bd",
            "relation_fv_rs_cons": null,
            "relation_fv_rs_cons_if": null,
            "relation_fv_rs_cust_qos_pol": "",
            "relation_fv_rs_dom_att": null,
            "relation_fv_rs_dpp_pol": null,
            "relation_fv_rs_fc_path_att": null,
            "relation_fv_rs_graph_def": null,
            "relation_fv_rs_intra_epg": null,
            "relation_fv_rs_node_att": null,
            "relation_fv_rs_prot_by": null,
            "relation_fv_rs_prov": null,
            "relation_fv_rs_prov_def": null,
            "relation_fv_rs_sec_inherited": null,
            "relation_fv_rs_trust_ctrl": null,
            "shutdown": "no"
          },
          "private": "eyJzY2hlbWFfdmVyc2lvbiI6IjEifQ==",
          "dependencies": [
            "module.epg3.aci_application_profile.app_profile"
          ]
        }
      ]
    },
    {
      "module": "module.epg1",
      "mode": "managed",
      "type": "aci_application_epg",
      "name": "epg",
      "provider": "provider.aci",
      "instances": [
        {
          "schema_version": 1,
          "attributes": {
            "annotation": "tag_epg",
            "application_profile_dn": "uni/tn-common/ap-Newco-prod",
            "description": "NewCo-prod-web",
            "exception_tag": "0",
            "flood_on_encap": "disabled",
            "fwd_ctrl": "",
            "has_mcast_source": "no",
            "id": "uni/tn-common/ap-Newco-prod/epg-Newco-prod-web-222",
            "is_attr_based_e_pg": "no",
            "match_t": "AtleastOne",
            "name": "Newco-prod-web-222",
            "name_alias": "",
            "pc_enf_pref": "unenforced",
            "pref_gr_memb": "include",
            "prio": "unspecified",
            "relation_fv_rs_ae_pg_mon_pol": null,
            "relation_fv_rs_bd": "NewCo-prod-bd-1",
            "relation_fv_rs_cons": null,
            "relation_fv_rs_cons_if": null,
            "relation_fv_rs_cust_qos_pol": "",
            "relation_fv_rs_dom_att": null,
            "relation_fv_rs_dpp_pol": null,
            "relation_fv_rs_fc_path_att": null,
            "relation_fv_rs_graph_def": null,
            "relation_fv_rs_intra_epg": null,
            "relation_fv_rs_node_att": null,
            "relation_fv_rs_prot_by": null,
            "relation_fv_rs_prov": null,
            "relation_fv_rs_prov_def": null,
            "relation_fv_rs_sec_inherited": null,
            "relation_fv_rs_trust_ctrl": null,
            "shutdown": "no"
          },
          "private": "eyJzY2hlbWFfdmVyc2lvbiI6IjEifQ==",
          "dependencies": [
            "module.epg1.aci_application_profile.app_profile"
          ]
        }
      ]
    },
    {
      "module": "module.epg2",
      "mode": "managed",
      "type": "aci_application_epg",
      "name": "epg",
      "provider": "provider.aci",
      "instances": [
        {
          "schema_version": 1,
          "attributes": {
            "annotation": "tag_epg",
            "application_profile_dn": "uni/tn-common/ap-Newco-prod",
            "description": "NewCo-prod-app",
            "exception_tag": "0",
            "flood_on_encap": "disabled",
            "fwd_ctrl": "",
            "has_mcast_source": "no",
            "id": "uni/tn-common/ap-Newco-prod/epg-NewCo-prod-app-333",
            "is_attr_based_e_pg": "no",
            "match_t": "AtleastOne",
            "name": "NewCo-prod-app-333",
            "name_alias": "",
            "pc_enf_pref": "unenforced",
            "pref_gr_memb": "include",
            "prio": "unspecified",
            "relation_fv_rs_ae_pg_mon_pol": null,
            "relation_fv_rs_bd": "NewCo-prod-bd-1",
            "relation_fv_rs_cons": null,
            "relation_fv_rs_cons_if": null,
            "relation_fv_rs_cust_qos_pol": "",
            "relation_fv_rs_dom_att": null,
            "relation_fv_rs_dpp_pol": null,
            "relation_fv_rs_fc_path_att": null,
            "relation_fv_rs_graph_def": null,
            "relation_fv_rs_intra_epg": null,
            "relation_fv_rs_node_att": null,
            "relation_fv_rs_prot_by": null,
            "relation_fv_rs_prov": null,
            "relation_fv_rs_prov_def": null,
            "relation_fv_rs_sec_inherited": null,
            "relation_fv_rs_trust_ctrl": null,
            "shutdown": "no"
          },
          "private": "eyJzY2hlbWFfdmVyc2lvbiI6IjEifQ==",
          "dependencies": [
            "module.epg2.aci_application_profile.app_profile"
          ]
        }
      ]
    },
    {
      "module": "module.epg3",
      "mode": "managed",
      "type": "aci_application_profile",
      "name": "app_profile",
      "provider": "provider.aci",
      "instances": [
        {
          "schema_version": 1,
          "attributes": {
            "annotation": "",
            "description": "NewCo UAT environment",
            "id": "uni/tn-common/ap-NewCo-UAT",
            "name": "NewCo-UAT",
            "name_alias": "",
            "prio": "unspecified",
            "relation_fv_rs_ap_mon_pol": null,
            "tenant_dn": "uni/tn-common"
          },
          "private": "eyJzY2hlbWFfdmVyc2lvbiI6IjEifQ=="
        }
      ]
    },
    {
      "module": "module.epg1",
      "mode": "managed",
      "type": "aci_application_profile",
      "name": "app_profile",
      "provider": "provider.aci",
      "instances": [
        {
          "schema_version": 1,
          "attributes": {
            "annotation": "",
            "description": "NewCo production",
            "id": "uni/tn-common/ap-Newco-prod",
            "name": "Newco-prod",
            "name_alias": "",
            "prio": "unspecified",
            "relation_fv_rs_ap_mon_pol": null,
            "tenant_dn": "uni/tn-common"
          },
          "private": "eyJzY2hlbWFfdmVyc2lvbiI6IjEifQ=="
        }
      ]
    },
    {
      "module": "module.epg2",
      "mode": "managed",
      "type": "aci_application_profile",
      "name": "app_profile",
      "provider": "provider.aci",
      "instances": [
        {
          "schema_version": 1,
          "attributes": {
            "annotation": "",
            "description": "NewCo production",
            "id": "uni/tn-common/ap-Newco-prod",
            "name": "Newco-prod",
            "name_alias": "",
            "prio": "unspecified",
            "relation_fv_rs_ap_mon_pol": null,
            "tenant_dn": "uni/tn-common"
          },
          "private": "eyJzY2hlbWFfdmVyc2lvbiI6IjEifQ=="
        }
      ]
    },
    {
      "module": "module.aaep2",
      "mode": "managed",
      "type": "aci_attachable_access_entity_profile",
      "name": "aaep",
      "provider": "provider.aci",
      "instances": [
        {
          "schema_version": 1,
          "attributes": {
            "annotation": "",
            "description": "Danger Will Robinson!",
            "id": "uni/infra/attentp-NewCo-BM-AAEP",
            "name": "NewCo-BM-AAEP",
            "name_alias": "",
            "relation_infra_rs_dom_p": null
          },
          "private": "eyJzY2hlbWFfdmVyc2lvbiI6IjEifQ=="
        }
      ]
    },
    {
      "module": "module.aaep3",
      "mode": "managed",
      "type": "aci_attachable_access_entity_profile",
      "name": "aaep",
      "provider": "provider.aci",
      "instances": [
        {
          "schema_version": 1,
          "attributes": {
            "annotation": "",
            "description": "NewCo-VMware-UAT",
            "id": "uni/infra/attentp-NewCo-vmware-AAEP-Test",
            "name": "NewCo-vmware-AAEP-Test",
            "name_alias": "",
            "relation_infra_rs_dom_p": null
          },
          "private": "eyJzY2hlbWFfdmVyc2lvbiI6IjEifQ=="
        }
      ]
    },
    {
      "module": "module.aaep1",
      "mode": "managed",
      "type": "aci_attachable_access_entity_profile",
      "name": "aaep",
      "provider": "provider.aci",
      "instances": [
        {
          "schema_version": 1,
          "attributes": {
            "annotation": "",
            "description": "NewCo-VMware-Production",
            "id": "uni/infra/attentp-NewCo-vmware-AAEP",
            "name": "NewCo-vmware-AAEP",
            "name_alias": "",
            "relation_infra_rs_dom_p": []
          },
          "private": "eyJzY2hlbWFfdmVyc2lvbiI6IjEifQ=="
        }
      ]
    },
    {
      "module": "module.bd4",
      "mode": "managed",
      "type": "aci_bridge_domain",
      "name": "bd",
      "provider": "provider.aci",
      "instances": [
        {
          "schema_version": 1,
          "attributes": {
            "annotation": "tag_bd",
            "arp_flood": "yes",
            "bridge_domain_type": "regular",
            "description": "NewCo-non-prod-pcf",
            "ep_clear": "no",
            "ep_move_detect_mode": "garp",
            "host_based_routing": "yes",
            "id": "uni/tn-common/BD-NewCo-non-prod-pcf",
            "intersite_bum_traffic_allow": "yes",
            "intersite_l2_stretch": "yes",
            "ip_learning": "yes",
            "ipv6_mcast_allow": "",
            "limit_ip_learn_to_subnets": "yes",
            "ll_addr": "::",
            "mac": "00:22:BD:F8:19:FF",
            "mcast_allow": "yes",
            "multi_dst_pkt_act": "bd-flood",
            "name": "NewCo-non-prod-pcf",
            "name_alias": "alias_bd",
            "optimize_wan_bandwidth": "no",
            "relation_fv_rs_abd_pol_mon_pol": null,
            "relation_fv_rs_bd_flood_to": null,
            "relation_fv_rs_bd_to_ep_ret": "",
            "relation_fv_rs_bd_to_fhs": null,
            "relation_fv_rs_bd_to_nd_p": "",
            "relation_fv_rs_bd_to_netflow_monitor_pol": [],
            "relation_fv_rs_bd_to_out": null,
            "relation_fv_rs_bd_to_profile": null,
            "relation_fv_rs_bd_to_relay_p": null,
            "relation_fv_rs_ctx": "NewCo-non-Prod",
            "relation_fv_rs_igmpsn": "",
            "relation_fv_rs_mldsn": "",
            "tenant_dn": "uni/tn-common",
            "unicast_route": "yes",
            "unk_mac_ucast_act": "flood",
            "unk_mcast_act": "flood",
            "v6unk_mcast_act": "flood",
            "vmac": "not-applicable"
          },
          "private": "eyJzY2hlbWFfdmVyc2lvbiI6IjEifQ=="
        }
      ]
    },
    {
      "module": "module.bd2",
      "mode": "managed",
      "type": "aci_bridge_domain",
      "name": "bd",
      "provider": "provider.aci",
      "instances": [
        {
          "schema_version": 1,
          "attributes": {
            "annotation": "tag_bd",
            "arp_flood": "yes",
            "bridge_domain_type": "regular",
            "description": "NewCo-non-prod-bd-1",
            "ep_clear": "no",
            "ep_move_detect_mode": "garp",
            "host_based_routing": "yes",
            "id": "uni/tn-common/BD-NewCo-non-prod-bd",
            "intersite_bum_traffic_allow": "yes",
            "intersite_l2_stretch": "yes",
            "ip_learning": "yes",
            "ipv6_mcast_allow": "",
            "limit_ip_learn_to_subnets": "yes",
            "ll_addr": "::",
            "mac": "00:22:BD:F8:19:FF",
            "mcast_allow": "yes",
            "multi_dst_pkt_act": "bd-flood",
            "name": "NewCo-non-prod-bd",
            "name_alias": "alias_bd",
            "optimize_wan_bandwidth": "no",
            "relation_fv_rs_abd_pol_mon_pol": null,
            "relation_fv_rs_bd_flood_to": null,
            "relation_fv_rs_bd_to_ep_ret": "",
            "relation_fv_rs_bd_to_fhs": null,
            "relation_fv_rs_bd_to_nd_p": "",
            "relation_fv_rs_bd_to_netflow_monitor_pol": [],
            "relation_fv_rs_bd_to_out": null,
            "relation_fv_rs_bd_to_profile": null,
            "relation_fv_rs_bd_to_relay_p": null,
            "relation_fv_rs_ctx": "NewCo-non-Prod",
            "relation_fv_rs_igmpsn": "",
            "relation_fv_rs_mldsn": "",
            "tenant_dn": "uni/tn-common",
            "unicast_route": "yes",
            "unk_mac_ucast_act": "flood",
            "unk_mcast_act": "flood",
            "v6unk_mcast_act": "flood",
            "vmac": "not-applicable"
          },
          "private": "eyJzY2hlbWFfdmVyc2lvbiI6IjEifQ=="
        }
      ]
    },
    {
      "module": "module.bd3",
      "mode": "managed",
      "type": "aci_bridge_domain",
      "name": "bd",
      "provider": "provider.aci",
      "instances": [
        {
          "schema_version": 1,
          "attributes": {
            "annotation": "tag_bd",
            "arp_flood": "yes",
            "bridge_domain_type": "regular",
            "description": "NewCo-prod-pcf",
            "ep_clear": "no",
            "ep_move_detect_mode": "garp",
            "host_based_routing": "yes",
            "id": "uni/tn-common/BD-NewCo-prod-pcf",
            "intersite_bum_traffic_allow": "yes",
            "intersite_l2_stretch": "yes",
            "ip_learning": "yes",
            "ipv6_mcast_allow": "",
            "limit_ip_learn_to_subnets": "yes",
            "ll_addr": "::",
            "mac": "00:22:BD:F8:19:FF",
            "mcast_allow": "yes",
            "multi_dst_pkt_act": "bd-flood",
            "name": "NewCo-prod-pcf",
            "name_alias": "alias_bd",
            "optimize_wan_bandwidth": "no",
            "relation_fv_rs_abd_pol_mon_pol": null,
            "relation_fv_rs_bd_flood_to": null,
            "relation_fv_rs_bd_to_ep_ret": "",
            "relation_fv_rs_bd_to_fhs": null,
            "relation_fv_rs_bd_to_nd_p": "",
            "relation_fv_rs_bd_to_netflow_monitor_pol": [],
            "relation_fv_rs_bd_to_out": null,
            "relation_fv_rs_bd_to_profile": null,
            "relation_fv_rs_bd_to_relay_p": null,
            "relation_fv_rs_ctx": "NewCo-Prod",
            "relation_fv_rs_igmpsn": "",
            "relation_fv_rs_mldsn": "",
            "tenant_dn": "uni/tn-common",
            "unicast_route": "yes",
            "unk_mac_ucast_act": "flood",
            "unk_mcast_act": "flood",
            "v6unk_mcast_act": "flood",
            "vmac": "not-applicable"
          },
          "private": "eyJzY2hlbWFfdmVyc2lvbiI6IjEifQ=="
        }
      ]
    },
    {
      "module": "module.bd1",
      "mode": "managed",
      "type": "aci_bridge_domain",
      "name": "bd",
      "provider": "provider.aci",
      "instances": [
        {
          "schema_version": 1,
          "attributes": {
            "annotation": "tag_bd",
            "arp_flood": "yes",
            "bridge_domain_type": "regular",
            "description": "NewCo-prod-bd-1",
            "ep_clear": "no",
            "ep_move_detect_mode": "garp",
            "host_based_routing": "yes",
            "id": "uni/tn-common/BD-NewCo-prod-bd-1",
            "intersite_bum_traffic_allow": "yes",
            "intersite_l2_stretch": "yes",
            "ip_learning": "yes",
            "ipv6_mcast_allow": "",
            "limit_ip_learn_to_subnets": "yes",
            "ll_addr": "::",
            "mac": "00:22:BD:F8:19:FF",
            "mcast_allow": "yes",
            "multi_dst_pkt_act": "bd-flood",
            "name": "NewCo-prod-bd-1",
            "name_alias": "alias_bd",
            "optimize_wan_bandwidth": "no",
            "relation_fv_rs_abd_pol_mon_pol": null,
            "relation_fv_rs_bd_flood_to": null,
            "relation_fv_rs_bd_to_ep_ret": "",
            "relation_fv_rs_bd_to_fhs": null,
            "relation_fv_rs_bd_to_nd_p": "",
            "relation_fv_rs_bd_to_netflow_monitor_pol": [],
            "relation_fv_rs_bd_to_out": null,
            "relation_fv_rs_bd_to_profile": null,
            "relation_fv_rs_bd_to_relay_p": null,
            "relation_fv_rs_ctx": "NewCo-Prod",
            "relation_fv_rs_igmpsn": "",
            "relation_fv_rs_mldsn": "",
            "tenant_dn": "uni/tn-common",
            "unicast_route": "yes",
            "unk_mac_ucast_act": "flood",
            "unk_mcast_act": "flood",
            "v6unk_mcast_act": "flood",
            "vmac": "not-applicable"
          },
          "private": "eyJzY2hlbWFfdmVyc2lvbiI6IjEifQ=="
        }
      ]
    },
    {
      "module": "module.fabric_policy",
      "mode": "managed",
      "type": "aci_cdp_interface_policy",
      "name": "cdp_enabled",
      "provider": "provider.aci",
      "instances": [
        {
          "schema_version": 1,
          "attributes": {
            "admin_st": "enabled",
            "annotation": "",
            "description": "",
            "id": "uni/infra/cdpIfP-NewCo-CDP-ENABLED",
            "name": "NewCo-CDP-ENABLED",
            "name_alias": ""
          },
          "private": "eyJzY2hlbWFfdmVyc2lvbiI6IjEifQ=="
        }
      ]
    },
    {
      "module": "module.fabric_policy",
      "mode": "managed",
      "type": "aci_lacp_policy",
      "name": "lacp_disabled",
      "provider": "provider.aci",
      "instances": [
        {
          "schema_version": 1,
          "attributes": {
            "annotation": "tag_lacp",
            "ctrl": "fast-sel-hot-stdby,graceful-conv",
            "description": "LACP Disabled",
            "id": "uni/infra/lacplagp-NewCo-LACP-Disabled",
            "max_links": "16",
            "min_links": "1",
            "mode": "off",
            "name": "NewCo-LACP-Disabled",
            "name_alias": ""
          },
          "private": "eyJzY2hlbWFfdmVyc2lvbiI6IjEifQ=="
        }
      ]
    },
    {
      "module": "module.fabric_policy",
      "mode": "managed",
      "type": "aci_lacp_policy",
      "name": "lacp_enabled",
      "provider": "provider.aci",
      "instances": [
        {
          "schema_version": 1,
          "attributes": {
            "annotation": "tag_lacp",
            "ctrl": "fast-sel-hot-stdby,graceful-conv,susp-individual",
            "description": "LACP Enabled",
            "id": "uni/infra/lacplagp-NewCo-LACP-Active",
            "max_links": "16",
            "min_links": "1",
            "mode": "active",
            "name": "NewCo-LACP-Active",
            "name_alias": ""
          },
          "private": "eyJzY2hlbWFfdmVyc2lvbiI6IjEifQ=="
        }
      ]
    },
    {
      "module": "module.fabric_policy",
      "mode": "managed",
      "type": "aci_lldp_interface_policy",
      "name": "lldp_interface_policy",
      "provider": "provider.aci",
      "instances": [
        {
          "schema_version": 1,
          "attributes": {
            "admin_rx_st": "enabled",
            "admin_tx_st": "enabled",
            "annotation": "tag_lldp",
            "description": "LLDP Policy",
            "id": "uni/infra/lldpIfP-NewCo-LLDP-ENABLED",
            "name": "NewCo-LLDP-ENABLED",
            "name_alias": "alias_lldp"
          },
          "private": "eyJzY2hlbWFfdmVyc2lvbiI6IjEifQ=="
        }
      ]
    },
    {
      "module": "module.domain-1",
      "mode": "managed",
      "type": "aci_physical_domain",
      "name": "example",
      "provider": "provider.aci",
      "instances": [
        {
          "schema_version": 1,
          "attributes": {
            "annotation": "",
            "description": "{}",
            "id": "uni/phys-NewCo-BM-PhysDom",
            "name": "NewCo-BM-PhysDom",
            "name_alias": "",
            "relation_infra_rs_dom_vxlan_ns_def": null,
            "relation_infra_rs_vip_addr_ns": null,
            "relation_infra_rs_vlan_ns": null,
            "relation_infra_rs_vlan_ns_def": null
          },
          "private": "eyJzY2hlbWFfdmVyc2lvbiI6IjEifQ=="
        }
      ]
    },
    {
      "module": "module.domain-2",
      "mode": "managed",
      "type": "aci_physical_domain",
      "name": "example",
      "provider": "provider.aci",
      "instances": [
        {
          "schema_version": 1,
          "attributes": {
            "annotation": "",
            "description": "{}",
            "id": "uni/phys-NewCo-vmware-PhysDom",
            "name": "NewCo-vmware-PhysDom",
            "name_alias": "",
            "relation_infra_rs_dom_vxlan_ns_def": null,
            "relation_infra_rs_vip_addr_ns": null,
            "relation_infra_rs_vlan_ns": null,
            "relation_infra_rs_vlan_ns_def": null
          },
          "private": "eyJzY2hlbWFfdmVyc2lvbiI6IjEifQ=="
        }
      ]
    },
    {
      "module": "module.fabric_policy",
      "mode": "managed",
      "type": "aci_rest",
      "name": "bpduguard_enabled",
      "provider": "provider.aci",
      "instances": [
        {
          "schema_version": 1,
          "attributes": {
            "class_name": "stpIfPol",
            "content": {
              "ctrl": "bpdu-guard",
              "name": "NewCo-bpduguard-enabled"
            },
            "dn": null,
            "id": "{}",
            "path": "/api/node/mo/uni/infra.json"
          },
          "private": "eyJzY2hlbWFfdmVyc2lvbiI6IjEifQ=="
        }
      ]
    },
    {
      "module": "module.fabric_policy",
      "mode": "managed",
      "type": "aci_rest",
      "name": "ifpol_100G",
      "provider": "provider.aci",
      "instances": [
        {
          "schema_version": 1,
          "attributes": {
            "class_name": "fabricHIfPol",
            "content": {
              "autoNeg": "on",
              "dn": "uni/infra/hintfpol-100G",
              "name": "100G",
              "speed": "100G"
            },
            "dn": null,
            "id": "\"uni/infra/hintfpol-100G\"",
            "path": "/api/node/mo/uni/infra.json"
          },
          "private": "eyJzY2hlbWFfdmVyc2lvbiI6IjEifQ=="
        }
      ]
    },
    {
      "module": "module.fabric_policy",
      "mode": "managed",
      "type": "aci_rest",
      "name": "ifpol_10G",
      "provider": "provider.aci",
      "instances": [
        {
          "schema_version": 1,
          "attributes": {
            "class_name": "fabricHIfPol",
            "content": {
              "autoNeg": "on",
              "dn": "uni/infra/hintfpol-10G",
              "name": "10G",
              "speed": "10G"
            },
            "dn": null,
            "id": "\"uni/infra/hintfpol-10G\"",
            "path": "/api/node/mo/uni/infra.json"
          },
          "private": "eyJzY2hlbWFfdmVyc2lvbiI6IjEifQ=="
        }
      ]
    },
    {
      "module": "module.fabric_policy",
      "mode": "managed",
      "type": "aci_rest",
      "name": "ifpol_1G",
      "provider": "provider.aci",
      "instances": [
        {
          "schema_version": 1,
          "attributes": {
            "class_name": "fabricHIfPol",
            "content": {
              "autoNeg": "on",
              "dn": "uni/infra/hintfpol-1G",
              "name": "1G",
              "speed": "1G"
            },
            "dn": null,
            "id": "\"uni/infra/hintfpol-1G\"",
            "path": "/api/node/mo/uni/infra.json"
          },
          "private": "eyJzY2hlbWFfdmVyc2lvbiI6IjEifQ=="
        }
      ]
    },
    {
      "module": "module.fabric_policy",
      "mode": "managed",
      "type": "aci_rest",
      "name": "ifpol_25G",
      "provider": "provider.aci",
      "instances": [
        {
          "schema_version": 1,
          "attributes": {
            "class_name": "fabricHIfPol",
            "content": {
              "autoNeg": "on",
              "dn": "uni/infra/hintfpol-25G",
              "name": "25G",
              "speed": "25G"
            },
            "dn": null,
            "id": "\"uni/infra/hintfpol-25G\"",
            "path": "/api/node/mo/uni/infra.json"
          },
          "private": "eyJzY2hlbWFfdmVyc2lvbiI6IjEifQ=="
        }
      ]
    },
    {
      "module": "module.fabric_policy",
      "mode": "managed",
      "type": "aci_rest",
      "name": "ifpol_40G",
      "provider": "provider.aci",
      "instances": [
        {
          "schema_version": 1,
          "attributes": {
            "class_name": "fabricHIfPol",
            "content": {
              "autoNeg": "on",
              "dn": "uni/infra/hintfpol-40G",
              "name": "40G",
              "speed": "40G"
            },
            "dn": null,
            "id": "\"uni/infra/hintfpol-40G\"",
            "path": "/api/node/mo/uni/infra.json"
          },
          "private": "eyJzY2hlbWFfdmVyc2lvbiI6IjEifQ=="
        }
      ]
    },
    {
      "module": "module.fabric_policy",
      "mode": "managed",
      "type": "aci_rest",
      "name": "storm_control",
      "provider": "provider.aci",
      "instances": [
        {
          "schema_version": 1,
          "attributes": {
            "class_name": "stormctrlIfPol",
            "content": {
              "burstRate": "20",
              "dn": "uni/infra/stormctrlifp-storm-control-20",
              "name": "storm-control-20",
              "rate": "20"
            },
            "dn": null,
            "id": "\"uni/infra/stormctrlifp-storm-control-20\"",
            "path": "/api/node/mo/uni/infra.json"
          },
          "private": "eyJzY2hlbWFfdmVyc2lvbiI6IjEifQ=="
        }
      ]
    },
    {
      "module": "module.bd4",
      "mode": "managed",
      "type": "aci_subnet",
      "name": "subnet",
      "provider": "provider.aci",
      "instances": [
        {
          "schema_version": 1,
          "attributes": {
            "annotation": "",
            "bridge_domain_dn": "uni/tn-common/BD-NewCo-non-prod-pcf",
            "ctrl": "nd",
            "description": "This subnet is created by terraform for NewCo",
            "id": "uni/tn-common/BD-NewCo-non-prod-pcf/subnet-[172.16.32.1/24]",
            "ip": "172.16.32.1/24",
            "name_alias": "",
            "preferred": "yes",
            "relation_fv_rs_bd_subnet_to_out": null,
            "relation_fv_rs_bd_subnet_to_profile": null,
            "relation_fv_rs_nd_pfx_pol": null,
            "scope": "public",
            "virtual": "no"
          },
          "private": "eyJzY2hlbWFfdmVyc2lvbiI6IjEifQ==",
          "dependencies": [
            "module.bd4.aci_bridge_domain.bd"
          ]
        }
      ]
    },
    {
      "module": "module.bd2",
      "mode": "managed",
      "type": "aci_subnet",
      "name": "subnet",
      "provider": "provider.aci",
      "instances": [
        {
          "schema_version": 1,
          "attributes": {
            "annotation": "",
            "bridge_domain_dn": "uni/tn-common/BD-NewCo-non-prod-bd",
            "ctrl": "nd",
            "description": "This subnet is created by terraform for NewCo",
            "id": "uni/tn-common/BD-NewCo-non-prod-bd/subnet-[172.16.12.1/20]",
            "ip": "172.16.12.1/20",
            "name_alias": "",
            "preferred": "yes",
            "relation_fv_rs_bd_subnet_to_out": null,
            "relation_fv_rs_bd_subnet_to_profile": null,
            "relation_fv_rs_nd_pfx_pol": null,
            "scope": "public",
            "virtual": "no"
          },
          "private": "eyJzY2hlbWFfdmVyc2lvbiI6IjEifQ==",
          "dependencies": [
            "module.bd2.aci_bridge_domain.bd"
          ]
        }
      ]
    },
    {
      "module": "module.bd3",
      "mode": "managed",
      "type": "aci_subnet",
      "name": "subnet",
      "provider": "provider.aci",
      "instances": [
        {
          "schema_version": 1,
          "attributes": {
            "annotation": "",
            "bridge_domain_dn": "uni/tn-common/BD-NewCo-prod-pcf",
            "ctrl": "nd",
            "description": "This subnet is created by terraform for NewCo",
            "id": "uni/tn-common/BD-NewCo-prod-pcf/subnet-[192.168.16.1/24]",
            "ip": "192.168.16.1/24",
            "name_alias": "",
            "preferred": "yes",
            "relation_fv_rs_bd_subnet_to_out": null,
            "relation_fv_rs_bd_subnet_to_profile": null,
            "relation_fv_rs_nd_pfx_pol": null,
            "scope": "public",
            "virtual": "no"
          },
          "private": "eyJzY2hlbWFfdmVyc2lvbiI6IjEifQ==",
          "dependencies": [
            "module.bd3.aci_bridge_domain.bd"
          ]
        }
      ]
    },
    {
      "module": "module.bd1",
      "mode": "managed",
      "type": "aci_subnet",
      "name": "subnet",
      "provider": "provider.aci",
      "instances": [
        {
          "schema_version": 1,
          "attributes": {
            "annotation": "",
            "bridge_domain_dn": "uni/tn-common/BD-NewCo-prod-bd-1",
            "ctrl": "nd",
            "description": "This subnet is created by terraform for NewCo",
            "id": "uni/tn-common/BD-NewCo-prod-bd-1/subnet-[192.168.1.1/20]",
            "ip": "192.168.1.1/20",
            "name_alias": "",
            "preferred": "yes",
            "relation_fv_rs_bd_subnet_to_out": null,
            "relation_fv_rs_bd_subnet_to_profile": null,
            "relation_fv_rs_nd_pfx_pol": null,
            "scope": "public",
            "virtual": "no"
          },
          "private": "eyJzY2hlbWFfdmVyc2lvbiI6IjEifQ==",
          "dependencies": [
            "module.bd1.aci_bridge_domain.bd"
          ]
        }
      ]
    },
    {
      "module": "module.vrf1",
      "mode": "managed",
      "type": "aci_vrf",
      "name": "vrf",
      "provider": "provider.aci",
      "instances": [
        {
          "schema_version": 1,
          "attributes": {
            "annotation": "tag_vrf",
            "bd_enforced_enable": "no",
            "description": "",
            "id": "uni/tn-common/ctx-NewCo-non-Prod",
            "ip_data_plane_learning": "disabled",
            "knw_mcast_act": "permit",
            "name": "NewCo-non-Prod",
            "name_alias": "NewCo-UAT",
            "pc_enf_dir": "ingress",
            "pc_enf_pref": "enforced",
            "relation_fv_rs_bgp_ctx_pol": "",
            "relation_fv_rs_ctx_mcast_to": null,
            "relation_fv_rs_ctx_mon_pol": null,
            "relation_fv_rs_ctx_to_bgp_ctx_af_pol": [],
            "relation_fv_rs_ctx_to_eigrp_ctx_af_pol": [],
            "relation_fv_rs_ctx_to_ep_ret": "",
            "relation_fv_rs_ctx_to_ext_route_tag_pol": "",
            "relation_fv_rs_ctx_to_ospf_ctx_pol": [],
            "relation_fv_rs_ospf_ctx_pol": "",
            "relation_fv_rs_vrf_validation_pol": "",
            "tenant_dn": "uni/tn-common"
          },
          "private": "eyJzY2hlbWFfdmVyc2lvbiI6IjEifQ=="
        }
      ]
    },
    {
      "module": "module.vrf3",
      "mode": "managed",
      "type": "aci_vrf",
      "name": "vrf",
      "provider": "provider.aci",
      "instances": [
        {
          "schema_version": 1,
          "attributes": {
            "annotation": "tag_vrf",
            "bd_enforced_enable": "no",
            "description": "",
            "id": "uni/tn-common/ctx-NewCo-DMZ",
            "ip_data_plane_learning": "enabled",
            "knw_mcast_act": "permit",
            "name": "NewCo-DMZ",
            "name_alias": "",
            "pc_enf_dir": "ingress",
            "pc_enf_pref": "enforced",
            "relation_fv_rs_bgp_ctx_pol": "",
            "relation_fv_rs_ctx_mcast_to": null,
            "relation_fv_rs_ctx_mon_pol": null,
            "relation_fv_rs_ctx_to_bgp_ctx_af_pol": [],
            "relation_fv_rs_ctx_to_eigrp_ctx_af_pol": [],
            "relation_fv_rs_ctx_to_ep_ret": "",
            "relation_fv_rs_ctx_to_ext_route_tag_pol": "",
            "relation_fv_rs_ctx_to_ospf_ctx_pol": [],
            "relation_fv_rs_ospf_ctx_pol": "",
            "relation_fv_rs_vrf_validation_pol": "",
            "tenant_dn": "uni/tn-common"
          },
          "private": "eyJzY2hlbWFfdmVyc2lvbiI6IjEifQ=="
        }
      ]
    },
    {
      "module": "module.vrf2",
      "mode": "managed",
      "type": "aci_vrf",
      "name": "vrf",
      "provider": "provider.aci",
      "instances": [
        {
          "schema_version": 1,
          "attributes": {
            "annotation": "tag_vrf",
            "bd_enforced_enable": "no",
            "description": "",
            "id": "uni/tn-common/ctx-NewCo-Prod",
            "ip_data_plane_learning": "enabled",
            "knw_mcast_act": "permit",
            "name": "NewCo-Prod",
            "name_alias": "alias_vrf",
            "pc_enf_dir": "ingress",
            "pc_enf_pref": "enforced",
            "relation_fv_rs_bgp_ctx_pol": "",
            "relation_fv_rs_ctx_mcast_to": null,
            "relation_fv_rs_ctx_mon_pol": null,
            "relation_fv_rs_ctx_to_bgp_ctx_af_pol": [],
            "relation_fv_rs_ctx_to_eigrp_ctx_af_pol": [],
            "relation_fv_rs_ctx_to_ep_ret": "",
            "relation_fv_rs_ctx_to_ext_route_tag_pol": "",
            "relation_fv_rs_ctx_to_ospf_ctx_pol": [],
            "relation_fv_rs_ospf_ctx_pol": "",
            "relation_fv_rs_vrf_validation_pol": "",
            "tenant_dn": "uni/tn-common"
          },
          "private": "eyJzY2hlbWFfdmVyc2lvbiI6IjEifQ=="
        }
      ]
    }
  ]
}
